
Microsoft Visual Studio Solution File, Format Version 12.00
# Visual Studio Version 17
VisualStudioVersion = 17.4.33213.308
MinimumVisualStudioVersion = 10.0.40219.1
Project("{FAE04EC0-301F-11D3-BF4B-00C04F79EFBC}") = "MyStore", "MyStore\MyStore.csproj", "{12B73673-2423-4BEF-8759-040DAEC10EE8}"
EndProject
Global
	GlobalSection(SolutionConfigurationPlatforms) = preSolution
		Debug|Any CPU = Debug|Any CPU
		Release|Any CPU = Release|Any CPU
	EndGlobalSection
	GlobalSection(ProjectConfigurationPlatforms) = postSolution
		{12B73673-2423-4BEF-8759-040DAEC10EE8}.Debug|Any CPU.ActiveCfg = Debug|Any CPU
		{12B73673-2423-4BEF-8759-040DAEC10EE8}.Debug|Any CPU.Build.0 = Debug|Any CPU
		{12B73673-2423-4BEF-8759-040DAEC10EE8}.Release|Any CPU.ActiveCfg = Release|Any CPU
		{12B73673-2423-4BEF-8759-040DAEC10EE8}.Release|Any CPU.Build.0 = Release|Any CPU
	EndGlobalSection
	GlobalSection(SolutionProperties) = preSolution
		HideSolutionNode = FALSE
	EndGlobalSection
	GlobalSection(ExtensibilityGlobals) = postSolution
		SolutionGuid = {EFA52305-1D78-4155-A7CB-D29E5571CAD9}
	EndGlobalSection
EndGlobal
